
Microsoft Visual Studio Solution File, Format Version 12.00
# Visual Studio 15
VisualStudioVersion = 15.0.28307.136
MinimumVisualStudioVersion = 10.0.40219.1
Project("{FAE04EC0-301F-11D3-BF4B-00C04F79EFBC}") = "SimleExpenseManager.Api", "projects\SimleExpenseManager.Api\SimleExpenseManager.Api.csproj", "{DD38949B-0510-4E02-A3DD-801E732C9D7B}"
EndProject
Project("{FAE04EC0-301F-11D3-BF4B-00C04F79EFBC}") = "SimpleExpenseManager.Web", "projects\SimpleExpenseManager.Web\SimpleExpenseManager.Web.csproj", "{ABE85D53-A334-4E82-A6DD-D80FA312F0F0}"
EndProject
Global
	GlobalSection(SolutionConfigurationPlatforms) = preSolution
		Debug|Any CPU = Debug|Any CPU
		Release|Any CPU = Release|Any CPU
	EndGlobalSection
	GlobalSection(ProjectConfigurationPlatforms) = postSolution
		{DD38949B-0510-4E02-A3DD-801E732C9D7B}.Debug|Any CPU.ActiveCfg = Debug|Any CPU
		{DD38949B-0510-4E02-A3DD-801E732C9D7B}.Debug|Any CPU.Build.0 = Debug|Any CPU
		{DD38949B-0510-4E02-A3DD-801E732C9D7B}.Release|Any CPU.ActiveCfg = Release|Any CPU
		{DD38949B-0510-4E02-A3DD-801E732C9D7B}.Release|Any CPU.Build.0 = Release|Any CPU
		{ABE85D53-A334-4E82-A6DD-D80FA312F0F0}.Debug|Any CPU.ActiveCfg = Debug|Any CPU
		{ABE85D53-A334-4E82-A6DD-D80FA312F0F0}.Debug|Any CPU.Build.0 = Debug|Any CPU
		{ABE85D53-A334-4E82-A6DD-D80FA312F0F0}.Release|Any CPU.ActiveCfg = Release|Any CPU
		{ABE85D53-A334-4E82-A6DD-D80FA312F0F0}.Release|Any CPU.Build.0 = Release|Any CPU
	EndGlobalSection
	GlobalSection(SolutionProperties) = preSolution
		HideSolutionNode = FALSE
	EndGlobalSection
	GlobalSection(ExtensibilityGlobals) = postSolution
		SolutionGuid = {6FD74DF9-BD66-4D4D-967E-45407111F372}
	EndGlobalSection
EndGlobal
